{
  "nodes": {
    "autodocodec": {
      "flake": false,
      "locked": {
        "lastModified": 1685692167,
        "narHash": "sha256-QMlis/+3BAhjhop9m6q3W+MBWg9Z1IhqVokdaWRDVQQ=",
        "owner": "NorfairKing",
        "repo": "autodocodec",
        "rev": "5f23727689555789389ae4fbf41f674d43325814",
        "type": "github"
      },
      "original": {
        "owner": "NorfairKing",
        "repo": "autodocodec",
        "type": "github"
      }
    },
    "flake-utils": {
      "locked": {
        "lastModified": 1667077288,
        "narHash": "sha256-bdC8sFNDpT0HK74u9fUkpbf1MEzVYJ+ka7NXCdgBoaA=",
        "owner": "numtide",
        "repo": "flake-utils",
        "rev": "6ee9ebb6b1ee695d2cacc4faa053a7b9baa76817",
        "type": "github"
      },
      "original": {
        "owner": "numtide",
        "repo": "flake-utils",
        "type": "github"
      }
    },
    "nixpkgs": {
      "locked": {
        "lastModified": 1686431482,
        "narHash": "sha256-oPVQ/0YP7yC2ztNsxvWLrV+f0NQ2QAwxbrZ+bgGydEM=",
        "owner": "NixOS",
        "repo": "nixpkgs",
        "rev": "d3bb401dcfc5a46ce51cdfb5762e70cc75d082d2",
        "type": "github"
      },
      "original": {
        "owner": "NixOS",
        "ref": "nixos-23.05",
        "repo": "nixpkgs",
        "type": "github"
      }
    },
    "nixpkgs_2": {
      "locked": {
        "lastModified": 1667292599,
        "narHash": "sha256-7ISOUI1aj6UKMPIL+wwthENL22L3+A9V+jS8Is3QsRo=",
        "owner": "NixOS",
        "repo": "nixpkgs",
        "rev": "ef2f213d9659a274985778bff4ca322f3ef3ac68",
        "type": "github"
      },
      "original": {
        "id": "nixpkgs",
        "type": "indirect"
      }
    },
    "pre-commit-hooks": {
      "inputs": {
        "flake-utils": "flake-utils",
        "nixpkgs": "nixpkgs_2"
      },
      "locked": {
        "lastModified": 1667992213,
        "narHash": "sha256-8Ens8ozllvlaFMCZBxg6S7oUyynYx2v7yleC5M0jJsE=",
        "owner": "cachix",
        "repo": "pre-commit-hooks.nix",
        "rev": "ebcbfe09d2bd6d15f68de3a0ebb1e4dcb5cd324b",
        "type": "github"
      },
      "original": {
        "owner": "cachix",
        "repo": "pre-commit-hooks.nix",
        "type": "github"
      }
    },
    "root": {
      "inputs": {
        "autodocodec": "autodocodec",
        "nixpkgs": "nixpkgs",
        "pre-commit-hooks": "pre-commit-hooks",
        "safe-coloured-text": "safe-coloured-text",
        "sydtest": "sydtest",
        "validity": "validity"
      }
    },
    "safe-coloured-text": {
      "flake": false,
      "locked": {
        "lastModified": 1685693835,
        "narHash": "sha256-9XKM/pWTgPtvOrCaoVFQY9pD5BUuRxN+KiY5kW0PWJY=",
        "owner": "NorfairKing",
        "repo": "safe-coloured-text",
        "rev": "b4fd34585472a8b5aaec942bb1bd0748fa3d5aa0",
        "type": "github"
      },
      "original": {
        "owner": "NorfairKing",
        "repo": "safe-coloured-text",
        "type": "github"
      }
    },
    "sydtest": {
      "flake": false,
      "locked": {
        "lastModified": 1685692408,
        "narHash": "sha256-2cuINpkl9UFyzaQMqQFAeZy1FPzaYpx8Og14HdcLHi0=",
        "owner": "NorfairKing",
        "repo": "sydtest",
        "rev": "dcd230e48f164594a473925fa0dbbaf956eb6848",
        "type": "github"
      },
      "original": {
        "owner": "NorfairKing",
        "repo": "sydtest",
        "type": "github"
      }
    },
    "validity": {
      "flake": false,
      "locked": {
        "lastModified": 1685699735,
        "narHash": "sha256-cp9emk/u3KNlZrHj+2jyS1P8ypD7zNoDpTVztanOUjc=",
        "owner": "NorfairKing",
        "repo": "validity",
        "rev": "20ddbd625304817694b7ae9dc8751f7456259dd6",
        "type": "github"
      },
      "original": {
        "owner": "NorfairKing",
        "repo": "validity",
        "type": "github"
      }
    }
  },
  "root": "root",
  "version": 7
}
